{
    "_readme": [
        "This file locks the dependencies of your project to a known state",
        "Read more about it at https://getcomposer.org/doc/01-basic-usage.md#installing-dependencies",
        "This file is @generated automatically"
    ],
    "content-hash": "23fa465fc1ff2d8f7b821b905b3ec1fb",
    "packages": [
        {
            "name": "rsthn/rose-core",
            "version": "4.0.13",
            "source": {
                "type": "git",
                "url": "https://github.com/rsthn/rose-core.git",
                "reference": "d1a52863c8e092fe1539989e9540a7b8abe77e69"
            },
            "dist": {
                "type": "zip",
                "url": "https://api.github.com/repos/rsthn/rose-core/zipball/d1a52863c8e092fe1539989e9540a7b8abe77e69",
                "reference": "d1a52863c8e092fe1539989e9540a7b8abe77e69",
                "shasum": ""
            },
            "require": {
                "php": "^8"
            },
            "type": "library",
            "autoload": {
                "psr-4": {
                    "Rose\\": "src"
                }
            },
            "notification-url": "https://packagist.org/downloads/",
            "license": [
                "Apache-2.0"
            ],
            "authors": [
                {
                    "name": "Jonathan Palencia",
                    "email": "strikeone88@rsthn.com",
                    "role": "Developer"
                }
            ],
            "description": "Rose Framework - Core",
            "homepage": "https://github.com/rsthn/rose-core",
            "support": {
                "issues": "https://github.com/rsthn/rose-core/issues",
                "source": "https://github.com/rsthn/rose-core/tree/v4.0.13"
            },
            "time": "2022-03-22T10:42:17+00:00"
        },
        {
            "name": "rsthn/rose-ext-sentinel",
            "version": "1.0.29",
            "source": {
                "type": "git",
                "url": "https://github.com/rsthn/rose-ext-sentinel.git",
                "reference": "19bc6e24c55519b2107361b23c9755ce1785a19f"
            },
            "dist": {
                "type": "zip",
                "url": "https://api.github.com/repos/rsthn/rose-ext-sentinel/zipball/19bc6e24c55519b2107361b23c9755ce1785a19f",
                "reference": "19bc6e24c55519b2107361b23c9755ce1785a19f",
                "shasum": ""
            },
            "require": {
                "rsthn/rose-extension-installer": "*"
            },
            "type": "rose-extension",
            "extra": {
                "rose-ext-identifier": "Sentinel"
            },
            "autoload": {
                "psr-4": {
                    "Rose\\Ext\\Sentinel\\": "."
                }
            },
            "notification-url": "https://packagist.org/downloads/",
            "license": [
                "Apache-2.0"
            ],
            "authors": [
                {
                    "name": "Jonathan Palencia",
                    "email": "strikeone88@rsthn.com"
                }
            ],
            "description": "Sentinel Authentication Extension",
            "support": {
                "issues": "https://github.com/rsthn/rose-ext-sentinel/issues",
                "source": "https://github.com/rsthn/rose-ext-sentinel/tree/v1.0.29"
            },
            "time": "2022-02-10T11:19:12+00:00"
        },
        {
            "name": "rsthn/rose-ext-shield",
            "version": "1.0.19",
            "source": {
                "type": "git",
                "url": "https://github.com/rsthn/rose-ext-shield.git",
                "reference": "0a42ea7a3815b2404f59fe20b88f967bb0b5618e"
            },
            "dist": {
                "type": "zip",
                "url": "https://api.github.com/repos/rsthn/rose-ext-shield/zipball/0a42ea7a3815b2404f59fe20b88f967bb0b5618e",
                "reference": "0a42ea7a3815b2404f59fe20b88f967bb0b5618e",
                "shasum": ""
            },
            "require": {
                "rsthn/rose-extension-installer": "*"
            },
            "type": "rose-extension",
            "extra": {
                "rose-ext-identifier": "Shield"
            },
            "autoload": {
                "psr-4": {
                    "Rose\\Ext\\Shield\\": "."
                }
            },
            "notification-url": "https://packagist.org/downloads/",
            "license": [
                "Apache-2.0"
            ],
            "authors": [
                {
                    "name": "Jonathan Palencia",
                    "email": "strikeone88@rsthn.com"
                }
            ],
            "description": "Shield Validation Extension",
            "support": {
                "issues": "https://github.com/rsthn/rose-ext-shield/issues",
                "source": "https://github.com/rsthn/rose-ext-shield/tree/v1.0.19"
            },
            "time": "2021-11-09T06:57:51+00:00"
        },
        {
            "name": "rsthn/rose-extension-installer",
            "version": "1.0.11",
            "source": {
                "type": "git",
                "url": "https://github.com/rsthn/rose-extension-installer.git",
                "reference": "2d90c13cf506ccb8772432bbda9fe0e82bb9957f"
            },
            "dist": {
                "type": "zip",
                "url": "https://api.github.com/repos/rsthn/rose-extension-installer/zipball/2d90c13cf506ccb8772432bbda9fe0e82bb9957f",
                "reference": "2d90c13cf506ccb8772432bbda9fe0e82bb9957f",
                "shasum": ""
            },
            "require": {
                "composer-plugin-api": "^2.0"
            },
            "require-dev": {
                "composer/composer": "^1.3"
            },
            "type": "composer-plugin",
            "extra": {
                "class": "Rose\\Composer\\ExtensionInstallerPlugin"
            },
            "autoload": {
                "psr-4": {
                    "Rose\\Composer\\": "src"
                }
            },
            "notification-url": "https://packagist.org/downloads/",
            "license": [
                "Apache-2.0"
            ],
            "authors": [
                {
                    "name": "Jonathan Palencia",
                    "email": "strikeone88@rsthn.com",
                    "role": "Developer"
                }
            ],
            "description": "Rose Framework - Extension Installer",
            "homepage": "https://github.com/rsthn/rose-extension-installer",
            "support": {
                "issues": "https://github.com/rsthn/rose-extension-installer/issues",
                "source": "https://github.com/rsthn/rose-extension-installer/tree/v1.0.11"
            },
            "time": "2022-01-18T08:04:40+00:00"
        }
    ],
    "packages-dev": [],
    "aliases": [],
    "minimum-stability": "stable",
    "stability-flags": [],
    "prefer-stable": false,
    "prefer-lowest": false,
    "platform": [],
    "platform-dev": [],
    "plugin-api-version": "2.2.0"
}
