{
    "_readme": [
        "This file locks the dependencies of your project to a known state",
        "Read more about it at https://getcomposer.org/doc/01-basic-usage.md#installing-dependencies",
        "This file is @generated automatically"
    ],
    "content-hash": "cbacc082abf195a2a60952c62081e898",
    "packages": [
        {
            "name": "rsthn/rose-core",
            "version": "3.1.22",
            "source": {
                "type": "git",
                "url": "https://github.com/rsthn/rose-core.git",
                "reference": "054befdbb51c5e6d2f1e64d5908254989417111f"
            },
            "dist": {
                "type": "zip",
                "url": "https://api.github.com/repos/rsthn/rose-core/zipball/054befdbb51c5e6d2f1e64d5908254989417111f",
                "reference": "054befdbb51c5e6d2f1e64d5908254989417111f",
                "shasum": ""
            },
            "require": {
                "php": ">=7.1.0"
            },
            "type": "library",
            "autoload": {
                "psr-4": {
                    "Rose\\": "src"
                }
            },
            "notification-url": "https://packagist.org/downloads/",
            "license": [
                "Apache-2.0"
            ],
            "authors": [
                {
                    "name": "Jonathan Palencia",
                    "email": "strikeone88@rsthn.com",
                    "role": "Developer"
                }
            ],
            "description": "Rose Framework - Core",
            "homepage": "https://github.com/rsthn/rose-core",
            "support": {
                "issues": "https://github.com/rsthn/rose-core/issues",
                "source": "https://github.com/rsthn/rose-core/tree/v3.1.22"
            },
            "time": "2021-10-02T08:48:11+00:00"
        },
        {
            "name": "rsthn/rose-ext-sentinel",
            "version": "1.0.27",
            "source": {
                "type": "git",
                "url": "https://github.com/rsthn/rose-ext-sentinel.git",
                "reference": "9c50a341d9a156931ec3113e847179909a297f79"
            },
            "dist": {
                "type": "zip",
                "url": "https://api.github.com/repos/rsthn/rose-ext-sentinel/zipball/9c50a341d9a156931ec3113e847179909a297f79",
                "reference": "9c50a341d9a156931ec3113e847179909a297f79",
                "shasum": ""
            },
            "require": {
                "rsthn/rose-extension-installer": "*"
            },
            "type": "rose-extension",
            "extra": {
                "rose-ext-identifier": "Sentinel"
            },
            "autoload": {
                "psr-4": {
                    "Rose\\Ext\\Sentinel\\": "."
                }
            },
            "notification-url": "https://packagist.org/downloads/",
            "license": [
                "Apache-2.0"
            ],
            "authors": [
                {
                    "name": "Jonathan Palencia",
                    "email": "strikeone88@rsthn.com"
                }
            ],
            "description": "Sentinel Authentication Extension",
            "support": {
                "issues": "https://github.com/rsthn/rose-ext-sentinel/issues",
                "source": "https://github.com/rsthn/rose-ext-sentinel/tree/v1.0.27"
            },
            "time": "2021-06-26T22:35:24+00:00"
        },
        {
            "name": "rsthn/rose-ext-shield",
            "version": "1.0.17",
            "source": {
                "type": "git",
                "url": "https://github.com/rsthn/rose-ext-shield.git",
                "reference": "f663996c3f2b453c544deadd81a28dd660df41a9"
            },
            "dist": {
                "type": "zip",
                "url": "https://api.github.com/repos/rsthn/rose-ext-shield/zipball/f663996c3f2b453c544deadd81a28dd660df41a9",
                "reference": "f663996c3f2b453c544deadd81a28dd660df41a9",
                "shasum": ""
            },
            "require": {
                "rsthn/rose-extension-installer": "*"
            },
            "type": "rose-extension",
            "extra": {
                "rose-ext-identifier": "Shield"
            },
            "autoload": {
                "psr-4": {
                    "Rose\\Ext\\Shield\\": "."
                }
            },
            "notification-url": "https://packagist.org/downloads/",
            "license": [
                "Apache-2.0"
            ],
            "authors": [
                {
                    "name": "Jonathan Palencia",
                    "email": "strikeone88@rsthn.com"
                }
            ],
            "description": "Shield Validation Extension",
            "support": {
                "issues": "https://github.com/rsthn/rose-ext-shield/issues",
                "source": "https://github.com/rsthn/rose-ext-shield/tree/v1.0.17"
            },
            "time": "2021-06-30T09:08:01+00:00"
        },
        {
            "name": "rsthn/rose-extension-installer",
            "version": "1.0.10",
            "source": {
                "type": "git",
                "url": "https://github.com/rsthn/rose-extension-installer.git",
                "reference": "ba9fe385a83264416458ce753b8d45763219c297"
            },
            "dist": {
                "type": "zip",
                "url": "https://api.github.com/repos/rsthn/rose-extension-installer/zipball/ba9fe385a83264416458ce753b8d45763219c297",
                "reference": "ba9fe385a83264416458ce753b8d45763219c297",
                "shasum": ""
            },
            "require": {
                "composer-plugin-api": "^2.0"
            },
            "require-dev": {
                "composer/composer": "^1.3"
            },
            "type": "composer-plugin",
            "extra": {
                "class": "Rose\\Composer\\ExtensionInstallerPlugin"
            },
            "autoload": {
                "psr-4": {
                    "Rose\\Composer\\": "src"
                }
            },
            "notification-url": "https://packagist.org/downloads/",
            "license": [
                "Apache-2.0"
            ],
            "authors": [
                {
                    "name": "Jonathan Palencia",
                    "email": "strikeone88@rsthn.com",
                    "role": "Developer"
                }
            ],
            "description": "Rose Framework - Extension Installer",
            "homepage": "https://github.com/rsthn/rose-extension-installer",
            "support": {
                "issues": "https://github.com/rsthn/rose-extension-installer/issues",
                "source": "https://github.com/rsthn/rose-extension-installer/tree/v1.0.10"
            },
            "time": "2021-06-26T22:25:33+00:00"
        }
    ],
    "packages-dev": [],
    "aliases": [],
    "minimum-stability": "stable",
    "stability-flags": [],
    "prefer-stable": false,
    "prefer-lowest": false,
    "platform": [],
    "platform-dev": [],
    "plugin-api-version": "2.0.0"
}
